# @generated - this file is auto-generated by `mise lock` https://mise.jdx.dev/dev-tools/mise-lock.html

[[tools."aqua:rhysd/actionlint"]]
version = "1.7.12"
backend = "aqua:rhysd/actionlint"

[tools."aqua:rhysd/actionlint"."platforms.linux-x64"]
checksum = "sha256:8aca8db96f1b94770f1b0d72b6dddcb1ebb8123cb3712530b08cc387b349a3d8"
url = "https://github.com/rhysd/actionlint/releases/download/v1.7.12/actionlint_1.7.12_linux_amd64.tar.gz"
url_api = "https://api.github.com/repos/rhysd/actionlint/releases/assets/384924896"
provenance = "github-attestations"

[tools."aqua:rhysd/actionlint"."platforms.macos-arm64"]
checksum = "sha256:aba9ced2dee8d27fecca3dc7feb1a7f9a52caefa1eb46f3271ea66b6e0e6953f"
url = "https://github.com/rhysd/actionlint/releases/download/v1.7.12/actionlint_1.7.12_darwin_arm64.tar.gz"
url_api = "https://api.github.com/repos/rhysd/actionlint/releases/assets/384924893"
provenance = "github-attestations"

[tools."aqua:rhysd/actionlint"."platforms.windows-x64"]
checksum = "sha256:6e7241b51e6817ea6a047693d8e6fed13b31819c9a0dd6c5a726e1592d22f6e9"
url = "https://github.com/rhysd/actionlint/releases/download/v1.7.12/actionlint_1.7.12_windows_amd64.zip"
url_api = "https://api.github.com/repos/rhysd/actionlint/releases/assets/384924919"
provenance = "github-attestations"

[[tools.bun]]
version = "1.3.14"
backend = "core:bun"

[tools.bun."platforms.linux-x64"]
checksum = "sha256:951ee2aee855f08595aeec6225226a298d3fea83a3dcd6465c09cbccdf7e848f"
url = "https://github.com/oven-sh/bun/releases/download/bun-v1.3.14/bun-linux-x64.zip"

[tools.bun."platforms.linux-x64-baseline"]
checksum = "sha256:a063908ae08b7852ca10939bbdc6ceed3ddabce8fb9402dce83d65d73b36e6c7"
url = "https://github.com/oven-sh/bun/releases/download/bun-v1.3.14/bun-linux-x64-baseline.zip"

[tools.bun."platforms.linux-x64-musl"]
checksum = "sha256:14bd9aedeebf1dba67e8def9531c89bc989ecfdf1de42e5bfcaf1b8cd9294719"
url = "https://github.com/oven-sh/bun/releases/download/bun-v1.3.14/bun-linux-x64-musl.zip"

[tools.bun."platforms.linux-x64-musl-baseline"]
checksum = "sha256:56a7d6806cf155536c0178f0ea5fbd098e684fa509ebdb4fc0a7e19fb65382dc"
url = "https://github.com/oven-sh/bun/releases/download/bun-v1.3.14/bun-linux-x64-musl-baseline.zip"

[tools.bun."platforms.macos-arm64"]
checksum = "sha256:d8b96221828ad6f97ac7ac0ab7e95872341af763001e8803e8267652c2652620"
url = "https://github.com/oven-sh/bun/releases/download/bun-v1.3.14/bun-darwin-aarch64.zip"

[tools.bun."platforms.windows-x64"]
checksum = "sha256:0a0620930b6675d7ba440e81f4e0e00d3cfbe096c4b140d3fff02205e9e18922"
url = "https://github.com/oven-sh/bun/releases/download/bun-v1.3.14/bun-windows-x64.zip"

[tools.bun."platforms.windows-x64-baseline"]
checksum = "sha256:538f9c846355d9e847b2671bc00c47da4229a0befb24df3282b739770f3b475f"
url = "https://github.com/oven-sh/bun/releases/download/bun-v1.3.14/bun-windows-x64-baseline.zip"

[[tools.python]]
version = "3.14.7"
backend = "core:python"

[tools.python."platforms.linux-x64"]
checksum = "sha256:cefba034445d2875408d1fd4d5700ae6731563aeb54dcb39fd8164ab5c457533"
url = "https://github.com/astral-sh/python-build-standalone/releases/download/20260814/cpython-3.14.7+20260814-x86_64-unknown-linux-gnu-install_only_stripped.tar.gz"
provenance = "github-attestations"

[tools.python."platforms.linux-x64-baseline"]
checksum = "sha256:cefba034445d2875408d1fd4d5700ae6731563aeb54dcb39fd8164ab5c457533"
url = "https://github.com/astral-sh/python-build-standalone/releases/download/20260814/cpython-3.14.7+20260814-x86_64-unknown-linux-gnu-install_only_stripped.tar.gz"
provenance = "github-attestations"

[tools.python."platforms.linux-x64-musl"]
checksum = "sha256:d92793e7c75f88e0ebfe3f6dc9a80b1571e287537938c536b07c60f9c23d6360"
url = "https://github.com/astral-sh/python-build-standalone/releases/download/20260814/cpython-3.14.7+20260814-x86_64-unknown-linux-musl-install_only_stripped.tar.gz"
provenance = "github-attestations"

[tools.python."platforms.linux-x64-musl-baseline"]
checksum = "sha256:d92793e7c75f88e0ebfe3f6dc9a80b1571e287537938c536b07c60f9c23d6360"
url = "https://github.com/astral-sh/python-build-standalone/releases/download/20260814/cpython-3.14.7+20260814-x86_64-unknown-linux-musl-install_only_stripped.tar.gz"
provenance = "github-attestations"

[tools.python."platforms.macos-arm64"]
checksum = "sha256:423717c485b9ee7822590b9d973c1b5fb2cda0fe43448ab82a3d44f823bd329c"
url = "https://github.com/astral-sh/python-build-standalone/releases/download/20260814/cpython-3.14.7+20260814-aarch64-apple-darwin-install_only_stripped.tar.gz"
provenance = "github-attestations"

[tools.python."platforms.windows-x64"]
checksum = "sha256:649e1eebf754a5ca76ddfda8c498ff25c574599408b8a52b6a2c24265fd6314c"
url = "https://github.com/astral-sh/python-build-standalone/releases/download/20260814/cpython-3.14.7+20260814-x86_64-pc-windows-msvc-install_only_stripped.tar.gz"
provenance = "github-attestations"

[tools.python."platforms.windows-x64-baseline"]
checksum = "sha256:649e1eebf754a5ca76ddfda8c498ff25c574599408b8a52b6a2c24265fd6314c"
url = "https://github.com/astral-sh/python-build-standalone/releases/download/20260814/cpython-3.14.7+20260814-x86_64-pc-windows-msvc-install_only_stripped.tar.gz"
provenance = "github-attestations"

[[tools.ripgrep]]
version = "14.1.1"
backend = "aqua:BurntSushi/ripgrep"

[tools.ripgrep."platforms.linux-x64"]
checksum = "sha256:4cf9f2741e6c465ffdb7c26f38056a59e2a2544b51f7cc128ef28337eeae4d8e"
url = "https://github.com/BurntSushi/ripgrep/releases/download/14.1.1/ripgrep-14.1.1-x86_64-unknown-linux-musl.tar.gz"
url_api = "https://api.github.com/repos/BurntSushi/ripgrep/releases/assets/191354314"

[tools.ripgrep."platforms.linux-x64-baseline"]
checksum = "sha256:4cf9f2741e6c465ffdb7c26f38056a59e2a2544b51f7cc128ef28337eeae4d8e"
url = "https://github.com/BurntSushi/ripgrep/releases/download/14.1.1/ripgrep-14.1.1-x86_64-unknown-linux-musl.tar.gz"
url_api = "https://api.github.com/repos/BurntSushi/ripgrep/releases/assets/191354314"

[tools.ripgrep."platforms.linux-x64-musl"]
checksum = "sha256:4cf9f2741e6c465ffdb7c26f38056a59e2a2544b51f7cc128ef28337eeae4d8e"
url = "https://github.com/BurntSushi/ripgrep/releases/download/14.1.1/ripgrep-14.1.1-x86_64-unknown-linux-musl.tar.gz"
url_api = "https://api.github.com/repos/BurntSushi/ripgrep/releases/assets/191354314"

[tools.ripgrep."platforms.linux-x64-musl-baseline"]
checksum = "sha256:4cf9f2741e6c465ffdb7c26f38056a59e2a2544b51f7cc128ef28337eeae4d8e"
url = "https://github.com/BurntSushi/ripgrep/releases/download/14.1.1/ripgrep-14.1.1-x86_64-unknown-linux-musl.tar.gz"
url_api = "https://api.github.com/repos/BurntSushi/ripgrep/releases/assets/191354314"

[tools.ripgrep."platforms.macos-arm64"]
checksum = "sha256:24ad76777745fbff131c8fbc466742b011f925bfa4fffa2ded6def23b5b937be"
url = "https://github.com/BurntSushi/ripgrep/releases/download/14.1.1/ripgrep-14.1.1-aarch64-apple-darwin.tar.gz"
url_api = "https://api.github.com/repos/BurntSushi/ripgrep/releases/assets/191355384"

[tools.ripgrep."platforms.windows-x64"]
url = "https://github.com/BurntSushi/ripgrep/releases/download/14.1.1/ripgrep-14.1.1-x86_64-pc-windows-msvc.zip"
url_api = "https://api.github.com/repos/BurntSushi/ripgrep/releases/assets/191354245"

[tools.ripgrep."platforms.windows-x64-baseline"]
url = "https://github.com/BurntSushi/ripgrep/releases/download/14.1.1/ripgrep-14.1.1-x86_64-pc-windows-msvc.zip"
url_api = "https://api.github.com/repos/BurntSushi/ripgrep/releases/assets/191354245"

[[tools.shellcheck]]
version = "0.11.0"
backend = "aqua:koalaman/shellcheck"

[tools.shellcheck."platforms.linux-x64"]
checksum = "sha256:8c3be12b05d5c177a04c29e3c78ce89ac86f1595681cab149b65b97c4e227198"
url = "https://github.com/koalaman/shellcheck/releases/download/v0.11.0/shellcheck-v0.11.0.linux.x86_64.tar.xz"
url_api = "https://api.github.com/repos/koalaman/shellcheck/releases/assets/279056942"

[tools.shellcheck."platforms.macos-arm64"]
checksum = "sha256:56affdd8de5527894dca6dc3d7e0a99a873b0f004d7aabc30ae407d3f48b0a79"
url = "https://github.com/koalaman/shellcheck/releases/download/v0.11.0/shellcheck-v0.11.0.darwin.aarch64.tar.xz"
url_api = "https://api.github.com/repos/koalaman/shellcheck/releases/assets/279056932"

[tools.shellcheck."platforms.windows-x64"]
checksum = "sha256:8a4e35ab0b331c85d73567b12f2a444df187f483e5079ceffa6bda1faa2e740e"
url = "https://github.com/koalaman/shellcheck/releases/download/v0.11.0/shellcheck-v0.11.0.zip"
url_api = "https://api.github.com/repos/koalaman/shellcheck/releases/assets/279056944"

[[tools.uv]]
version = "0.12.3"
backend = "aqua:astral-sh/uv"

[tools.uv."platforms.linux-x64"]
checksum = "sha256:0643b9fb8c9fb27458e709ce6ff939695013c41975ff7b02d3f3b138d8d4bdb3"
url = "https://github.com/astral-sh/uv/releases/download/0.12.3/uv-x86_64-unknown-linux-musl.tar.gz"
url_api = "https://api.github.com/repos/astral-sh/uv/releases/assets/505387821"
provenance = "github-attestations"

[tools.uv."platforms.linux-x64-baseline"]
checksum = "sha256:0643b9fb8c9fb27458e709ce6ff939695013c41975ff7b02d3f3b138d8d4bdb3"
url = "https://github.com/astral-sh/uv/releases/download/0.12.3/uv-x86_64-unknown-linux-musl.tar.gz"
url_api = "https://api.github.com/repos/astral-sh/uv/releases/assets/505387821"
provenance = "github-attestations"

[tools.uv."platforms.linux-x64-musl"]
checksum = "sha256:0643b9fb8c9fb27458e709ce6ff939695013c41975ff7b02d3f3b138d8d4bdb3"
url = "https://github.com/astral-sh/uv/releases/download/0.12.3/uv-x86_64-unknown-linux-musl.tar.gz"
url_api = "https://api.github.com/repos/astral-sh/uv/releases/assets/505387821"
provenance = "github-attestations"

[tools.uv."platforms.linux-x64-musl-baseline"]
checksum = "sha256:0643b9fb8c9fb27458e709ce6ff939695013c41975ff7b02d3f3b138d8d4bdb3"
url = "https://github.com/astral-sh/uv/releases/download/0.12.3/uv-x86_64-unknown-linux-musl.tar.gz"
url_api = "https://api.github.com/repos/astral-sh/uv/releases/assets/505387821"
provenance = "github-attestations"

[tools.uv."platforms.macos-arm64"]
checksum = "sha256:546f7f8a6c70ff13a3a9d2bc958db3427298cebf3e0cb756f9177133b7068843"
url = "https://github.com/astral-sh/uv/releases/download/0.12.3/uv-aarch64-apple-darwin.tar.gz"
url_api = "https://api.github.com/repos/astral-sh/uv/releases/assets/505387707"
provenance = "github-attestations"

[tools.uv."platforms.windows-x64"]
checksum = "sha256:b23350c79e8ad0192b8124af13a0f17e8d4e4549524785e1aef389ae5a06990e"
url = "https://github.com/astral-sh/uv/releases/download/0.12.3/uv-x86_64-pc-windows-msvc.zip"
url_api = "https://api.github.com/repos/astral-sh/uv/releases/assets/505387809"
provenance = "github-attestations"

[tools.uv."platforms.windows-x64-baseline"]
checksum = "sha256:b23350c79e8ad0192b8124af13a0f17e8d4e4549524785e1aef389ae5a06990e"
url = "https://github.com/astral-sh/uv/releases/download/0.12.3/uv-x86_64-pc-windows-msvc.zip"
url_api = "https://api.github.com/repos/astral-sh/uv/releases/assets/505387809"
provenance = "github-attestations"

[[tools.vale]]
version = "3.17.1"
backend = "aqua:vale-cli/vale"

[tools.vale."platforms.linux-x64"]
checksum = "sha256:db947f89f2292e6a0381a61de155f6a5f5cb4cb460ca178ea412ef605559cefd"
url = "https://github.com/vale-cli/vale/releases/download/v3.17.1/vale_3.17.1_Linux_64-bit.tar.gz"
url_api = "https://api.github.com/repos/vale-cli/vale/releases/assets/502877340"

[tools.vale."platforms.linux-x64-baseline"]
checksum = "sha256:db947f89f2292e6a0381a61de155f6a5f5cb4cb460ca178ea412ef605559cefd"
url = "https://github.com/vale-cli/vale/releases/download/v3.17.1/vale_3.17.1_Linux_64-bit.tar.gz"
url_api = "https://api.github.com/repos/vale-cli/vale/releases/assets/502877340"

[tools.vale."platforms.linux-x64-musl"]
checksum = "sha256:db947f89f2292e6a0381a61de155f6a5f5cb4cb460ca178ea412ef605559cefd"
url = "https://github.com/vale-cli/vale/releases/download/v3.17.1/vale_3.17.1_Linux_64-bit.tar.gz"
url_api = "https://api.github.com/repos/vale-cli/vale/releases/assets/502877340"

[tools.vale."platforms.linux-x64-musl-baseline"]
checksum = "sha256:db947f89f2292e6a0381a61de155f6a5f5cb4cb460ca178ea412ef605559cefd"
url = "https://github.com/vale-cli/vale/releases/download/v3.17.1/vale_3.17.1_Linux_64-bit.tar.gz"
url_api = "https://api.github.com/repos/vale-cli/vale/releases/assets/502877340"

[tools.vale."platforms.macos-arm64"]
checksum = "sha256:80cacf85ef23f53cfdd77355ec41a6ef99aec136f15dfb3517723482f35593f9"
url = "https://github.com/vale-cli/vale/releases/download/v3.17.1/vale_3.17.1_macOS_arm64.tar.gz"
url_api = "https://api.github.com/repos/vale-cli/vale/releases/assets/502877337"

[tools.vale."platforms.windows-x64"]
checksum = "sha256:0be3fead4e845fc7e740ad8a7e744eee3041ef8c874748a947b7adb63250a642"
url = "https://github.com/vale-cli/vale/releases/download/v3.17.1/vale_3.17.1_Windows_64-bit.zip"
url_api = "https://api.github.com/repos/vale-cli/vale/releases/assets/502877363"

[tools.vale."platforms.windows-x64-baseline"]
checksum = "sha256:0be3fead4e845fc7e740ad8a7e744eee3041ef8c874748a947b7adb63250a642"
url = "https://github.com/vale-cli/vale/releases/download/v3.17.1/vale_3.17.1_Windows_64-bit.zip"
url_api = "https://api.github.com/repos/vale-cli/vale/releases/assets/502877363"
